
Microsoft Visual Studio Solution File, Format Version 12.00
# Visual Studio 15
VisualStudioVersion = 15.0.28010.0
MinimumVisualStudioVersion = 10.0.40219.1
Project("{9A19103F-16F7-4668-BE54-9A1E7A4F7556}") = "cosmosdb-graph-test", "src\cosmosdb-graph-test.csproj", "{7304327D-1203-4D7A-A6B2-4CE6FD2CD72C}"
EndProject
Global
	GlobalSection(SolutionConfigurationPlatforms) = preSolution
		Debug|Any CPU = Debug|Any CPU
		Release|Any CPU = Release|Any CPU
	EndGlobalSection
	GlobalSection(ProjectConfigurationPlatforms) = postSolution
		{7304327D-1203-4D7A-A6B2-4CE6FD2CD72C}.Debug|Any CPU.ActiveCfg = Debug|Any CPU
		{7304327D-1203-4D7A-A6B2-4CE6FD2CD72C}.Debug|Any CPU.Build.0 = Debug|Any CPU
		{7304327D-1203-4D7A-A6B2-4CE6FD2CD72C}.Release|Any CPU.ActiveCfg = Release|Any CPU
		{7304327D-1203-4D7A-A6B2-4CE6FD2CD72C}.Release|Any CPU.Build.0 = Release|Any CPU
	EndGlobalSection
	GlobalSection(SolutionProperties) = preSolution
		HideSolutionNode = FALSE
	EndGlobalSection
	GlobalSection(ExtensibilityGlobals) = postSolution
		SolutionGuid = {416490AB-1751-4E8F-98E9-DB6EB4514B98}
	EndGlobalSection
EndGlobal
